
Microsoft Visual Studio Solution File, Format Version 12.00
# Visual Studio Version 17
VisualStudioVersion = 17.2.32602.215
MinimumVisualStudioVersion = 10.0.40219.1
Project("{FAE04EC0-301F-11D3-BF4B-00C04F79EFBC}") = "Calculator.Lib", "Calculator.Lib\Calculator.Lib.csproj", "{B96B19F4-92FD-4CF9-9194-E0F7B55D94A4}"
EndProject
Project("{FAE04EC0-301F-11D3-BF4B-00C04F79EFBC}") = "TDD.xUnit", "TDD.xUnit\TDD.xUnit.csproj", "{B799650F-DE4B-458F-ACD1-43D120BCD4D7}"
EndProject
Global
	GlobalSection(SolutionConfigurationPlatforms) = preSolution
		Debug|Any CPU = Debug|Any CPU
		Release|Any CPU = Release|Any CPU
	EndGlobalSection
	GlobalSection(ProjectConfigurationPlatforms) = postSolution
		{B96B19F4-92FD-4CF9-9194-E0F7B55D94A4}.Debug|Any CPU.ActiveCfg = Debug|Any CPU
		{B96B19F4-92FD-4CF9-9194-E0F7B55D94A4}.Debug|Any CPU.Build.0 = Debug|Any CPU
		{B96B19F4-92FD-4CF9-9194-E0F7B55D94A4}.Release|Any CPU.ActiveCfg = Release|Any CPU
		{B96B19F4-92FD-4CF9-9194-E0F7B55D94A4}.Release|Any CPU.Build.0 = Release|Any CPU
		{B799650F-DE4B-458F-ACD1-43D120BCD4D7}.Debug|Any CPU.ActiveCfg = Debug|Any CPU
		{B799650F-DE4B-458F-ACD1-43D120BCD4D7}.Debug|Any CPU.Build.0 = Debug|Any CPU
		{B799650F-DE4B-458F-ACD1-43D120BCD4D7}.Release|Any CPU.ActiveCfg = Release|Any CPU
		{B799650F-DE4B-458F-ACD1-43D120BCD4D7}.Release|Any CPU.Build.0 = Release|Any CPU
	EndGlobalSection
	GlobalSection(SolutionProperties) = preSolution
		HideSolutionNode = FALSE
	EndGlobalSection
	GlobalSection(ExtensibilityGlobals) = postSolution
		SolutionGuid = {C8C43CB6-D92F-44A0-91EC-ACCC95CB8AF6}
	EndGlobalSection
EndGlobal
